// !$*UTF8*$!
{
	archiveVersion = 1;
	classes = {
	};
	objectVersion = 56;
	objects = {

/* Begin PBXBuildFile section */
		14042D062B20CDDA001827B1 /* Naruto_Pagination_APIApp.swift in Sources */ = {isa = PBXBuildFile; fileRef = 14042D052B20CDDA001827B1 /* Naruto_Pagination_APIApp.swift */; };
		14042D082B20CDDA001827B1 /* ContentView.swift in Sources */ = {isa = PBXBuildFile; fileRef = 14042D072B20CDDA001827B1 /* ContentView.swift */; };
		14042D0A2B20CDDB001827B1 /* Assets.xcassets in Resources */ = {isa = PBXBuildFile; fileRef = 14042D092B20CDDB001827B1 /* Assets.xcassets */; };
		14042D0D2B20CDDB001827B1 /* Preview Assets.xcassets in Resources */ = {isa = PBXBuildFile; fileRef = 14042D0C2B20CDDB001827B1 /* Preview Assets.xcassets */; };
		14B560102B24C0AF00FA3359 /* Localizable.xcstrings in Resources */ = {isa = PBXBuildFile; fileRef = 14B5600F2B24C0AF00FA3359 /* Localizable.xcstrings */; };
		14B560132B24C2B200FA3359 /* Characters.swift in Sources */ = {isa = PBXBuildFile; fileRef = 14B560122B24C2B200FA3359 /* Characters.swift */; };
		14B560172B24C5BD00FA3359 /* Clans.swift in Sources */ = {isa = PBXBuildFile; fileRef = 14B560162B24C5BD00FA3359 /* Clans.swift */; };
		14CB02BC2B25E74200C344F9 /* NetworkError.swift in Sources */ = {isa = PBXBuildFile; fileRef = 14CB02BB2B25E74200C344F9 /* NetworkError.swift */; };
		14CB02BE2B25E77900C344F9 /* FetchClanController.swift in Sources */ = {isa = PBXBuildFile; fileRef = 14CB02BD2B25E77900C344F9 /* FetchClanController.swift */; };
		14CB02C02B25E79B00C344F9 /* FetchCharacterController.swift in Sources */ = {isa = PBXBuildFile; fileRef = 14CB02BF2B25E79B00C344F9 /* FetchCharacterController.swift */; };
/* End PBXBuildFile section */

/* Begin PBXFileReference section */
		14042D022B20CDDA001827B1 /* Naruto Pagination API.app */ = {isa = PBXFileReference; explicitFileType = wrapper.application; includeInIndex = 0; path = "Naruto Pagination API.app"; sourceTree = BUILT_PRODUCTS_DIR; };
		14042D052B20CDDA001827B1 /* Naruto_Pagination_APIApp.swift */ = {isa = PBXFileReference; lastKnownFileType = sourcecode.swift; path = Naruto_Pagination_APIApp.swift; sourceTree = "<group>"; };
		14042D072B20CDDA001827B1 /* ContentView.swift */ = {isa = PBXFileReference; lastKnownFileType = sourcecode.swift; path = ContentView.swift; sourceTree = "<group>"; };
		14042D092B20CDDB001827B1 /* Assets.xcassets */ = {isa = PBXFileReference; lastKnownFileType = folder.assetcatalog; path = Assets.xcassets; sourceTree = "<group>"; };
		14042D0C2B20CDDB001827B1 /* Preview Assets.xcassets */ = {isa = PBXFileReference; lastKnownFileType = folder.assetcatalog; path = "Preview Assets.xcassets"; sourceTree = "<group>"; };
		14B5600F2B24C0AF00FA3359 /* Localizable.xcstrings */ = {isa = PBXFileReference; lastKnownFileType = text.json.xcstrings; path = Localizable.xcstrings; sourceTree = "<group>"; };
		14B560122B24C2B200FA3359 /* Characters.swift */ = {isa = PBXFileReference; lastKnownFileType = sourcecode.swift; path = Characters.swift; sourceTree = "<group>"; };
		14B560162B24C5BD00FA3359 /* Clans.swift */ = {isa = PBXFileReference; lastKnownFileType = sourcecode.swift; path = Clans.swift; sourceTree = "<group>"; };
		14CB02BB2B25E74200C344F9 /* NetworkError.swift */ = {isa = PBXFileReference; lastKnownFileType = sourcecode.swift; path = NetworkError.swift; sourceTree = "<group>"; };
		14CB02BD2B25E77900C344F9 /* FetchClanController.swift */ = {isa = PBXFileReference; lastKnownFileType = sourcecode.swift; path = FetchClanController.swift; sourceTree = "<group>"; };
		14CB02BF2B25E79B00C344F9 /* FetchCharacterController.swift */ = {isa = PBXFileReference; fileEncoding = 4; lastKnownFileType = sourcecode.swift; path = FetchCharacterController.swift; sourceTree = "<group>"; };
/* End PBXFileReference section */

/* Begin PBXFrameworksBuildPhase section */
		14042CFF2B20CDDA001827B1 /* Frameworks */ = {
			isa = PBXFrameworksBuildPhase;
			buildActionMask = 2147483647;
			files = (
			);
			runOnlyForDeploymentPostprocessing = 0;
		};
/* End PBXFrameworksBuildPhase section */

/* Begin PBXGroup section */
		14042CF92B20CDDA001827B1 = {
			isa = PBXGroup;
			children = (
				14042D042B20CDDA001827B1 /* Naruto Pagination API */,
				14042D032B20CDDA001827B1 /* Products */,
			);
			sourceTree = "<group>";
		};
		14042D032B20CDDA001827B1 /* Products */ = {
			isa = PBXGroup;
			children = (
				14042D022B20CDDA001827B1 /* Naruto Pagination API.app */,
			);
			name = Products;
			sourceTree = "<group>";
		};
		14042D042B20CDDA001827B1 /* Naruto Pagination API */ = {
			isa = PBXGroup;
			children = (
				14042D052B20CDDA001827B1 /* Naruto_Pagination_APIApp.swift */,
				14042D072B20CDDA001827B1 /* ContentView.swift */,
				14CB02B82B25E52200C344F9 /* Controllers */,
				14CB02B72B25E46000C344F9 /* Views */,
				14B560112B24C29300FA3359 /* Models */,
				14B5600F2B24C0AF00FA3359 /* Localizable.xcstrings */,
				14042D092B20CDDB001827B1 /* Assets.xcassets */,
				14042D0B2B20CDDB001827B1 /* Preview Content */,
			);
			path = "Naruto Pagination API";
			sourceTree = "<group>";
		};
		14042D0B2B20CDDB001827B1 /* Preview Content */ = {
			isa = PBXGroup;
			children = (
				14042D0C2B20CDDB001827B1 /* Preview Assets.xcassets */,
			);
			path = "Preview Content";
			sourceTree = "<group>";
		};
		14B560112B24C29300FA3359 /* Models */ = {
			isa = PBXGroup;
			children = (
				14B560122B24C2B200FA3359 /* Characters.swift */,
				14B560162B24C5BD00FA3359 /* Clans.swift */,
				14CB02BB2B25E74200C344F9 /* NetworkError.swift */,
			);
			path = Models;
			sourceTree = "<group>";
		};
		14CB02B72B25E46000C344F9 /* Views */ = {
			isa = PBXGroup;
			children = (
			);
			path = Views;
			sourceTree = "<group>";
		};
		14CB02B82B25E52200C344F9 /* Controllers */ = {
			isa = PBXGroup;
			children = (
				14CB02BF2B25E79B00C344F9 /* FetchCharacterController.swift */,
				14CB02BD2B25E77900C344F9 /* FetchClanController.swift */,
			);
			path = Controllers;
			sourceTree = "<group>";
		};
/* End PBXGroup section */

/* Begin PBXNativeTarget section */
		14042D012B20CDDA001827B1 /* Naruto Pagination API */ = {
			isa = PBXNativeTarget;
			buildConfigurationList = 14042D102B20CDDB001827B1 /* Build configuration list for PBXNativeTarget "Naruto Pagination API" */;
			buildPhases = (
				14042CFE2B20CDDA001827B1 /* Sources */,
				14042CFF2B20CDDA001827B1 /* Frameworks */,
				14042D002B20CDDA001827B1 /* Resources */,
			);
			buildRules = (
			);
			dependencies = (
			);
			name = "Naruto Pagination API";
			productName = "Naruto Pagination API";
			productReference = 14042D022B20CDDA001827B1 /* Naruto Pagination API.app */;
			productType = "com.apple.product-type.application";
		};
/* End PBXNativeTarget section */

/* Begin PBXProject section */
		14042CFA2B20CDDA001827B1 /* Project object */ = {
			isa = PBXProject;
			attributes = {
				BuildIndependentTargetsInParallel = 1;
				LastSwiftUpdateCheck = 1500;
				LastUpgradeCheck = 1500;
				TargetAttributes = {
					14042D012B20CDDA001827B1 = {
						CreatedOnToolsVersion = 15.0.1;
					};
				};
			};
			buildConfigurationList = 14042CFD2B20CDDA001827B1 /* Build configuration list for PBXProject "Naruto Pagination API" */;
			compatibilityVersion = "Xcode 14.0";
			developmentRegion = en;
			hasScannedForEncodings = 0;
			knownRegions = (
				en,
				Base,
			);
			mainGroup = 14042CF92B20CDDA001827B1;
			productRefGroup = 14042D032B20CDDA001827B1 /* Products */;
			projectDirPath = "";
			projectRoot = "";
			targets = (
				14042D012B20CDDA001827B1 /* Naruto Pagination API */,
			);
		};
/* End PBXProject section */

/* Begin PBXResourcesBuildPhase section */
		14042D002B20CDDA001827B1 /* Resources */ = {
			isa = PBXResourcesBuildPhase;
			buildActionMask = 2147483647;
			files = (
				14042D0D2B20CDDB001827B1 /* Preview Assets.xcassets in Resources */,
				14042D0A2B20CDDB001827B1 /* Assets.xcassets in Resources */,
				14B560102B24C0AF00FA3359 /* Localizable.xcstrings in Resources */,
			);
			runOnlyForDeploymentPostprocessing = 0;
		};
/* End PBXResourcesBuildPhase section */

/* Begin PBXSourcesBuildPhase section */
		14042CFE2B20CDDA001827B1 /* Sources */ = {
			isa = PBXSourcesBuildPhase;
			buildActionMask = 2147483647;
			files = (
				14042D082B20CDDA001827B1 /* ContentView.swift in Sources */,
				14B560132B24C2B200FA3359 /* Characters.swift in Sources */,
				14042D062B20CDDA001827B1 /* Naruto_Pagination_APIApp.swift in Sources */,
				14CB02C02B25E79B00C344F9 /* FetchCharacterController.swift in Sources */,
				14CB02BC2B25E74200C344F9 /* NetworkError.swift in Sources */,
				14B560172B24C5BD00FA3359 /* Clans.swift in Sources */,
				14CB02BE2B25E77900C344F9 /* FetchClanController.swift in Sources */,
			);
			runOnlyForDeploymentPostprocessing = 0;
		};
/* End PBXSourcesBuildPhase section */

/* Begin XCBuildConfiguration section */
		14042D0E2B20CDDB001827B1 /* Debug */ = {
			isa = XCBuildConfiguration;
			buildSettings = {
				ALWAYS_SEARCH_USER_PATHS = NO;
				ASSETCATALOG_COMPILER_GENERATE_SWIFT_ASSET_SYMBOL_EXTENSIONS = YES;
				CLANG_ANALYZER_NONNULL = YES;
				CLANG_ANALYZER_NUMBER_OBJECT_CONVERSION = YES_AGGRESSIVE;
				CLANG_CXX_LANGUAGE_STANDARD = "gnu++20";
				CLANG_ENABLE_MODULES = YES;
				CLANG_ENABLE_OBJC_ARC = YES;
				CLANG_ENABLE_OBJC_WEAK = YES;
				CLANG_WARN_BLOCK_CAPTURE_AUTORELEASING = YES;
				CLANG_WARN_BOOL_CONVERSION = YES;
				CLANG_WARN_COMMA = YES;
				CLANG_WARN_CONSTANT_CONVERSION = YES;
				CLANG_WARN_DEPRECATED_OBJC_IMPLEMENTATIONS = YES;
				CLANG_WARN_DIRECT_OBJC_ISA_USAGE = YES_ERROR;
				CLANG_WARN_DOCUMENTATION_COMMENTS = YES;
				CLANG_WARN_EMPTY_BODY = YES;
				CLANG_WARN_ENUM_CONVERSION = YES;
				CLANG_WARN_INFINITE_RECURSION = YES;
				CLANG_WARN_INT_CONVERSION = YES;
				CLANG_WARN_NON_LITERAL_NULL_CONVERSION = YES;
				CLANG_WARN_OBJC_IMPLICIT_RETAIN_SELF = YES;
				CLANG_WARN_OBJC_LITERAL_CONVERSION = YES;
				CLANG_WARN_OBJC_ROOT_CLASS = YES_ERROR;
				CLANG_WARN_QUOTED_INCLUDE_IN_FRAMEWORK_HEADER = YES;
				CLANG_WARN_RANGE_LOOP_ANALYSIS = YES;
				CLANG_WARN_STRICT_PROTOTYPES = YES;
				CLANG_WARN_SUSPICIOUS_MOVE = YES;
				CLANG_WARN_UNGUARDED_AVAILABILITY = YES_AGGRESSIVE;
				CLANG_WARN_UNREACHABLE_CODE = YES;
				CLANG_WARN__DUPLICATE_METHOD_MATCH = YES;
				COPY_PHASE_STRIP = NO;
				DEBUG_INFORMATION_FORMAT = dwarf;
				ENABLE_STRICT_OBJC_MSGSEND = YES;
				ENABLE_TESTABILITY = YES;
				ENABLE_USER_SCRIPT_SANDBOXING = YES;
				GCC_C_LANGUAGE_STANDARD = gnu17;
				GCC_DYNAMIC_NO_PIC = NO;
				GCC_NO_COMMON_BLOCKS = YES;
				GCC_OPTIMIZATION_LEVEL = 0;
				GCC_PREPROCESSOR_DEFINITIONS = (
					"DEBUG=1",
					"$(inherited)",
				);
				GCC_WARN_64_TO_32_BIT_CONVERSION = YES;
				GCC_WARN_ABOUT_RETURN_TYPE = YES_ERROR;
				GCC_WARN_UNDECLARED_SELECTOR = YES;
				GCC_WARN_UNINITIALIZED_AUTOS = YES_AGGRESSIVE;
				GCC_WARN_UNUSED_FUNCTION = YES;
				GCC_WARN_UNUSED_VARIABLE = YES;
				IPHONEOS_DEPLOYMENT_TARGET = 17.0;
				LOCALIZATION_PREFERS_STRING_CATALOGS = YES;
				MTL_ENABLE_DEBUG_INFO = INCLUDE_SOURCE;
				MTL_FAST_MATH = YES;
				ONLY_ACTIVE_ARCH = YES;
				SDKROOT = iphoneos;
				SWIFT_ACTIVE_COMPILATION_CONDITIONS = "DEBUG $(inherited)";
				SWIFT_OPTIMIZATION_LEVEL = "-Onone";
			};
			name = Debug;
		};
		14042D0F2B20CDDB001827B1 /* Release */ = {
			isa = XCBuildConfiguration;
			buildSettings = {
				ALWAYS_SEARCH_USER_PATHS = NO;
				ASSETCATALOG_COMPILER_GENERATE_SWIFT_ASSET_SYMBOL_EXTENSIONS = YES;
				CLANG_ANALYZER_NONNULL = YES;
				CLANG_ANALYZER_NUMBER_OBJECT_CONVERSION = YES_AGGRESSIVE;
				CLANG_CXX_LANGUAGE_STANDARD = "gnu++20";
				CLANG_ENABLE_MODULES = YES;
				CLANG_ENABLE_OBJC_ARC = YES;
				CLANG_ENABLE_OBJC_WEAK = YES;
				CLANG_WARN_BLOCK_CAPTURE_AUTORELEASING = YES;
				CLANG_WARN_BOOL_CONVERSION = YES;
				CLANG_WARN_COMMA = YES;
				CLANG_WARN_CONSTANT_CONVERSION = YES;
				CLANG_WARN_DEPRECATED_OBJC_IMPLEMENTATIONS = YES;
				CLANG_WARN_DIRECT_OBJC_ISA_USAGE = YES_ERROR;
				CLANG_WARN_DOCUMENTATION_COMMENTS = YES;
				CLANG_WARN_EMPTY_BODY = YES;
				CLANG_WARN_ENUM_CONVERSION = YES;
				CLANG_WARN_INFINITE_RECURSION = YES;
				CLANG_WARN_INT_CONVERSION = YES;
				CLANG_WARN_NON_LITERAL_NULL_CONVERSION = YES;
				CLANG_WARN_OBJC_IMPLICIT_RETAIN_SELF = YES;
				CLANG_WARN_OBJC_LITERAL_CONVERSION = YES;
				CLANG_WARN_OBJC_ROOT_CLASS = YES_ERROR;
				CLANG_WARN_QUOTED_INCLUDE_IN_FRAMEWORK_HEADER = YES;
				CLANG_WARN_RANGE_LOOP_ANALYSIS = YES;
				CLANG_WARN_STRICT_PROTOTYPES = YES;
				CLANG_WARN_SUSPICIOUS_MOVE = YES;
				CLANG_WARN_UNGUARDED_AVAILABILITY = YES_AGGRESSIVE;
				CLANG_WARN_UNREACHABLE_CODE = YES;
				CLANG_WARN__DUPLICATE_METHOD_MATCH = YES;
				COPY_PHASE_STRIP = NO;
				DEBUG_INFORMATION_FORMAT = "dwarf-with-dsym";
				ENABLE_NS_ASSERTIONS = NO;
				ENABLE_STRICT_OBJC_MSGSEND = YES;
				ENABLE_USER_SCRIPT_SANDBOXING = YES;
				GCC_C_LANGUAGE_STANDARD = gnu17;
				GCC_NO_COMMON_BLOCKS = YES;
				GCC_WARN_64_TO_32_BIT_CONVERSION = YES;
				GCC_WARN_ABOUT_RETURN_TYPE = YES_ERROR;
				GCC_WARN_UNDECLARED_SELECTOR = YES;
				GCC_WARN_UNINITIALIZED_AUTOS = YES_AGGRESSIVE;
				GCC_WARN_UNUSED_FUNCTION = YES;
				GCC_WARN_UNUSED_VARIABLE = YES;
				IPHONEOS_DEPLOYMENT_TARGET = 17.0;
				LOCALIZATION_PREFERS_STRING_CATALOGS = YES;
				MTL_ENABLE_DEBUG_INFO = NO;
				MTL_FAST_MATH = YES;
				SDKROOT = iphoneos;
				SWIFT_COMPILATION_MODE = wholemodule;
				VALIDATE_PRODUCT = YES;
			};
			name = Release;
		};
		14042D112B20CDDB001827B1 /* Debug */ = {
			isa = XCBuildConfiguration;
			buildSettings = {
				ASSETCATALOG_COMPILER_APPICON_NAME = AppIcon;
				ASSETCATALOG_COMPILER_GLOBAL_ACCENT_COLOR_NAME = AccentColor;
				CODE_SIGN_STYLE = Automatic;
				CURRENT_PROJECT_VERSION = 1;
				DEVELOPMENT_ASSET_PATHS = "\"Naruto Pagination API/Preview Content\"";
				DEVELOPMENT_TEAM = F5J3HTPTD8;
				ENABLE_PREVIEWS = YES;
				GENERATE_INFOPLIST_FILE = YES;
				INFOPLIST_KEY_CFBundleDisplayName = "Naruto DB";
				INFOPLIST_KEY_UIApplicationSceneManifest_Generation = YES;
				INFOPLIST_KEY_UIApplicationSupportsIndirectInputEvents = YES;
				INFOPLIST_KEY_UILaunchScreen_Generation = YES;
				INFOPLIST_KEY_UISupportedInterfaceOrientations_iPad = "UIInterfaceOrientationPortrait UIInterfaceOrientationPortraitUpsideDown UIInterfaceOrientationLandscapeLeft UIInterfaceOrientationLandscapeRight";
				INFOPLIST_KEY_UISupportedInterfaceOrientations_iPhone = "UIInterfaceOrientationPortrait UIInterfaceOrientationLandscapeLeft UIInterfaceOrientationLandscapeRight";
				LD_RUNPATH_SEARCH_PATHS = (
					"$(inherited)",
					"@executable_path/Frameworks",
				);
				MARKETING_VERSION = 1.0;
				PRODUCT_BUNDLE_IDENTIFIER = "com.jashvantsewmangal.Naruto-Pagination-API";
				PRODUCT_NAME = "$(TARGET_NAME)";
				SWIFT_EMIT_LOC_STRINGS = YES;
				SWIFT_VERSION = 5.0;
				TARGETED_DEVICE_FAMILY = "1,2";
			};
			name = Debug;
		};
		14042D122B20CDDB001827B1 /* Release */ = {
			isa = XCBuildConfiguration;
			buildSettings = {
				ASSETCATALOG_COMPILER_APPICON_NAME = AppIcon;
				ASSETCATALOG_COMPILER_GLOBAL_ACCENT_COLOR_NAME = AccentColor;
				CODE_SIGN_STYLE = Automatic;
				CURRENT_PROJECT_VERSION = 1;
				DEVELOPMENT_ASSET_PATHS = "\"Naruto Pagination API/Preview Content\"";
				DEVELOPMENT_TEAM = F5J3HTPTD8;
				ENABLE_PREVIEWS = YES;
				GENERATE_INFOPLIST_FILE = YES;
				INFOPLIST_KEY_CFBundleDisplayName = "Naruto DB";
				INFOPLIST_KEY_UIApplicationSceneManifest_Generation = YES;
				INFOPLIST_KEY_UIApplicationSupportsIndirectInputEvents = YES;
				INFOPLIST_KEY_UILaunchScreen_Generation = YES;
				INFOPLIST_KEY_UISupportedInterfaceOrientations_iPad = "UIInterfaceOrientationPortrait UIInterfaceOrientationPortraitUpsideDown UIInterfaceOrientationLandscapeLeft UIInterfaceOrientationLandscapeRight";
				INFOPLIST_KEY_UISupportedInterfaceOrientations_iPhone = "UIInterfaceOrientationPortrait UIInterfaceOrientationLandscapeLeft UIInterfaceOrientationLandscapeRight";
				LD_RUNPATH_SEARCH_PATHS = (
					"$(inherited)",
					"@executable_path/Frameworks",
				);
				MARKETING_VERSION = 1.0;
				PRODUCT_BUNDLE_IDENTIFIER = "com.jashvantsewmangal.Naruto-Pagination-API";
				PRODUCT_NAME = "$(TARGET_NAME)";
				SWIFT_EMIT_LOC_STRINGS = YES;
				SWIFT_VERSION = 5.0;
				TARGETED_DEVICE_FAMILY = "1,2";
			};
			name = Release;
		};
/* End XCBuildConfiguration section */

/* Begin XCConfigurationList section */
		14042CFD2B20CDDA001827B1 /* Build configuration list for PBXProject "Naruto Pagination API" */ = {
			isa = XCConfigurationList;
			buildConfigurations = (
				14042D0E2B20CDDB001827B1 /* Debug */,
				14042D0F2B20CDDB001827B1 /* Release */,
			);
			defaultConfigurationIsVisible = 0;
			defaultConfigurationName = Release;
		};
		14042D102B20CDDB001827B1 /* Build configuration list for PBXNativeTarget "Naruto Pagination API" */ = {
			isa = XCConfigurationList;
			buildConfigurations = (
				14042D112B20CDDB001827B1 /* Debug */,
				14042D122B20CDDB001827B1 /* Release */,
			);
			defaultConfigurationIsVisible = 0;
			defaultConfigurationName = Release;
		};
/* End XCConfigurationList section */
	};
	rootObject = 14042CFA2B20CDDA001827B1 /* Project object */;
}
